
Microsoft Visual Studio Solution File, Format Version 12.00
# Visual Studio Version 17
VisualStudioVersion = 17.4.33213.308
MinimumVisualStudioVersion = 10.0.40219.1
Project("{9A19103F-16F7-4668-BE54-9A1E7A4F7556}") = "Rocky", "Rocky\Rocky.csproj", "{7100A4C8-ED95-4927-AF64-73A079F00470}"
EndProject
Global
	GlobalSection(SolutionConfigurationPlatforms) = preSolution
		Debug|Any CPU = Debug|Any CPU
		Release|Any CPU = Release|Any CPU
	EndGlobalSection
	GlobalSection(ProjectConfigurationPlatforms) = postSolution
		{7100A4C8-ED95-4927-AF64-73A079F00470}.Debug|Any CPU.ActiveCfg = Debug|Any CPU
		{7100A4C8-ED95-4927-AF64-73A079F00470}.Debug|Any CPU.Build.0 = Debug|Any CPU
		{7100A4C8-ED95-4927-AF64-73A079F00470}.Release|Any CPU.ActiveCfg = Release|Any CPU
		{7100A4C8-ED95-4927-AF64-73A079F00470}.Release|Any CPU.Build.0 = Release|Any CPU
	EndGlobalSection
	GlobalSection(SolutionProperties) = preSolution
		HideSolutionNode = FALSE
	EndGlobalSection
	GlobalSection(ExtensibilityGlobals) = postSolution
		SolutionGuid = {F3B7D7A0-971E-4310-B3D0-A53C5DF3A2E5}
	EndGlobalSection
EndGlobal
